
Microsoft Visual Studio Solution File, Format Version 12.00
# Visual Studio Version 17
VisualStudioVersion = 17.0.32112.339
MinimumVisualStudioVersion = 10.0.40219.1
Project("{9A19103F-16F7-4668-BE54-9A1E7A4F7556}") = "LinkedList", "Data_structures\LinkedList.csproj", "{9B20C910-D0B8-47E4-B20D-51351567AC66}"
EndProject
Project("{FAE04EC0-301F-11D3-BF4B-00C04F79EFBC}") = "Stack", "Data_structures\Stack\Stack.csproj", "{AF603894-0270-4A9F-9BE7-C722D7822E46}"
EndProject
Global
	GlobalSection(SolutionConfigurationPlatforms) = preSolution
		Debug|Any CPU = Debug|Any CPU
		Release|Any CPU = Release|Any CPU
	EndGlobalSection
	GlobalSection(ProjectConfigurationPlatforms) = postSolution
		{9B20C910-D0B8-47E4-B20D-51351567AC66}.Debug|Any CPU.ActiveCfg = Debug|Any CPU
		{9B20C910-D0B8-47E4-B20D-51351567AC66}.Debug|Any CPU.Build.0 = Debug|Any CPU
		{9B20C910-D0B8-47E4-B20D-51351567AC66}.Release|Any CPU.ActiveCfg = Release|Any CPU
		{9B20C910-D0B8-47E4-B20D-51351567AC66}.Release|Any CPU.Build.0 = Release|Any CPU
		{AF603894-0270-4A9F-9BE7-C722D7822E46}.Debug|Any CPU.ActiveCfg = Debug|Any CPU
		{AF603894-0270-4A9F-9BE7-C722D7822E46}.Debug|Any CPU.Build.0 = Debug|Any CPU
		{AF603894-0270-4A9F-9BE7-C722D7822E46}.Release|Any CPU.ActiveCfg = Release|Any CPU
		{AF603894-0270-4A9F-9BE7-C722D7822E46}.Release|Any CPU.Build.0 = Release|Any CPU
	EndGlobalSection
	GlobalSection(SolutionProperties) = preSolution
		HideSolutionNode = FALSE
	EndGlobalSection
	GlobalSection(ExtensibilityGlobals) = postSolution
		SolutionGuid = {EFF5DCAE-30F0-4259-A160-23981EE09C2D}
	EndGlobalSection
EndGlobal
